// !$*UTF8*$!
{
	archiveVersion = 1;
	classes = {
	};
	objectVersion = 46;
	objects = {

/* Begin PBXBuildFile section */
		6B00B1E81904A6BF00E95106 /* volume.png in Resources */ = {isa = PBXBuildFile; fileRef = 6B00B1E71904A6BF00E95106 /* volume.png */; };
		6B00B1EB1904B12200E95106 /* icon.png in Resources */ = {isa = PBXBuildFile; fileRef = 6B00B1E91904B12200E95106 /* icon.png */; };
		6B00B1EC1904B12200E95106 /* icon@2x.png in Resources */ = {isa = PBXBuildFile; fileRef = 6B00B1EA1904B12200E95106 /* icon@2x.png */; };
		6B4706BB19109D4100A6FA02 /* a.png in Resources */ = {isa = PBXBuildFile; fileRef = 6B4706BA19109D4100A6FA02 /* a.png */; };
		6B4706BE1910A4B300A6FA02 /* KQSettingsViewController.m in Sources */ = {isa = PBXBuildFile; fileRef = 6B4706BD1910A4B300A6FA02 /* KQSettingsViewController.m */; };
		6BB2CCB218DF857C00E364AD /* KQAnswerButton.m in Sources */ = {isa = PBXBuildFile; fileRef = 6BB2CCB118DF857C00E364AD /* KQAnswerButton.m */; };
		6BB39FE818E257E800561C5C /* Word.m in Sources */ = {isa = PBXBuildFile; fileRef = 6BB39FE718E257E800561C5C /* Word.m */; };
		6BB39FEA18E2636200561C5C /* Words.json in Resources */ = {isa = PBXBuildFile; fileRef = 6BB39FE918E2636200561C5C /* Words.json */; };
		6BDC2EBA18DE78EA00FC0413 /* KQSymbolSettingsCollectionViewCell.m in Sources */ = {isa = PBXBuildFile; fileRef = 6BDC2EB918DE78EA00FC0413 /* KQSymbolSettingsCollectionViewCell.m */; };
		6BDC2EBE18DE7B8A00FC0413 /* KQSymbolSettingsCollectionViewCell.xib in Resources */ = {isa = PBXBuildFile; fileRef = 6BDC2EBD18DE7B8A00FC0413 /* KQSymbolSettingsCollectionViewCell.xib */; };
		6BE6F5B018E51E5E006325C0 /* WordDictionary.m in Sources */ = {isa = PBXBuildFile; fileRef = 6BE6F5AF18E51E5E006325C0 /* WordDictionary.m */; };
		6BEAC6EC18DBBB2800175232 /* Foundation.framework in Frameworks */ = {isa = PBXBuildFile; fileRef = 6BEAC6EB18DBBB2800175232 /* Foundation.framework */; };
		6BEAC6EE18DBBB2800175232 /* CoreGraphics.framework in Frameworks */ = {isa = PBXBuildFile; fileRef = 6BEAC6ED18DBBB2800175232 /* CoreGraphics.framework */; };
		6BEAC6F018DBBB2800175232 /* UIKit.framework in Frameworks */ = {isa = PBXBuildFile; fileRef = 6BEAC6EF18DBBB2800175232 /* UIKit.framework */; };
		6BEAC6F618DBBB2800175232 /* InfoPlist.strings in Resources */ = {isa = PBXBuildFile; fileRef = 6BEAC6F418DBBB2800175232 /* InfoPlist.strings */; };
		6BEAC6F818DBBB2800175232 /* main.m in Sources */ = {isa = PBXBuildFile; fileRef = 6BEAC6F718DBBB2800175232 /* main.m */; };
		6BEAC6FC18DBBB2800175232 /* KQAppDelegate.m in Sources */ = {isa = PBXBuildFile; fileRef = 6BEAC6FB18DBBB2800175232 /* KQAppDelegate.m */; };
		6BEAC6FF18DBBB2800175232 /* Main_iPhone.storyboard in Resources */ = {isa = PBXBuildFile; fileRef = 6BEAC6FD18DBBB2800175232 /* Main_iPhone.storyboard */; };
		6BEAC70218DBBB2800175232 /* Main_iPad.storyboard in Resources */ = {isa = PBXBuildFile; fileRef = 6BEAC70018DBBB2800175232 /* Main_iPad.storyboard */; };
		6BEAC70718DBBB2800175232 /* Images.xcassets in Resources */ = {isa = PBXBuildFile; fileRef = 6BEAC70618DBBB2800175232 /* Images.xcassets */; };
		6BEAC70E18DBBB2800175232 /* XCTest.framework in Frameworks */ = {isa = PBXBuildFile; fileRef = 6BEAC70D18DBBB2800175232 /* XCTest.framework */; };
		6BEAC70F18DBBB2800175232 /* Foundation.framework in Frameworks */ = {isa = PBXBuildFile; fileRef = 6BEAC6EB18DBBB2800175232 /* Foundation.framework */; };
		6BEAC71018DBBB2800175232 /* UIKit.framework in Frameworks */ = {isa = PBXBuildFile; fileRef = 6BEAC6EF18DBBB2800175232 /* UIKit.framework */; };
		6BEAC71818DBBB2800175232 /* InfoPlist.strings in Resources */ = {isa = PBXBuildFile; fileRef = 6BEAC71618DBBB2800175232 /* InfoPlist.strings */; };
		6BEAC71A18DBBB2800175232 /* HiraKataQuizTests.m in Sources */ = {isa = PBXBuildFile; fileRef = 6BEAC71918DBBB2800175232 /* HiraKataQuizTests.m */; };
		6BEAC72F18DBBD6900175232 /* KQMultipleChoiceViewController.m in Sources */ = {isa = PBXBuildFile; fileRef = 6BEAC72E18DBBD6900175232 /* KQMultipleChoiceViewController.m */; };
		6BEAC73218DBBE6500175232 /* KQHomeViewController.m in Sources */ = {isa = PBXBuildFile; fileRef = 6BEAC73118DBBE6500175232 /* KQHomeViewController.m */; };
		6BEAC73518DBBE7600175232 /* KQCharacterSelectionViewController.m in Sources */ = {isa = PBXBuildFile; fileRef = 6BEAC73418DBBE7600175232 /* KQCharacterSelectionViewController.m */; };
		6BEAC73818DBC04200175232 /* Colour.m in Sources */ = {isa = PBXBuildFile; fileRef = 6BEAC73718DBC04200175232 /* Colour.m */; };
		6BEAC73B18DBC05E00175232 /* Font.m in Sources */ = {isa = PBXBuildFile; fileRef = 6BEAC73A18DBC05E00175232 /* Font.m */; };
		6BEAC73E18DBC33400175232 /* Symbol.m in Sources */ = {isa = PBXBuildFile; fileRef = 6BEAC73D18DBC33400175232 /* Symbol.m */; };
		6BEAC74218DBC3F400175232 /* SymbolDictionary.m in Sources */ = {isa = PBXBuildFile; fileRef = 6BEAC74118DBC3F400175232 /* SymbolDictionary.m */; };
		6BEAC74418DBC47500175232 /* Symbols.json in Resources */ = {isa = PBXBuildFile; fileRef = 6BEAC74318DBC47500175232 /* Symbols.json */; };
		6BEAC74718DBDA3C00175232 /* KQMultipleChoiceView.m in Sources */ = {isa = PBXBuildFile; fileRef = 6BEAC74618DBDA3C00175232 /* KQMultipleChoiceView.m */; };
/* End PBXBuildFile section */

/* Begin PBXContainerItemProxy section */
		6BEAC71118DBBB2800175232 /* PBXContainerItemProxy */ = {
			isa = PBXContainerItemProxy;
			containerPortal = 6BEAC6E018DBBB2800175232 /* Project object */;
			proxyType = 1;
			remoteGlobalIDString = 6BEAC6E718DBBB2800175232;
			remoteInfo = HiraKataQuiz;
		};
/* End PBXContainerItemProxy section */

/* Begin PBXFileReference section */
		6B00B1E71904A6BF00E95106 /* volume.png */ = {isa = PBXFileReference; lastKnownFileType = image.png; path = volume.png; sourceTree = "<group>"; };
		6B00B1E91904B12200E95106 /* icon.png */ = {isa = PBXFileReference; lastKnownFileType = image.png; path = icon.png; sourceTree = "<group>"; };
		6B00B1EA1904B12200E95106 /* icon@2x.png */ = {isa = PBXFileReference; lastKnownFileType = image.png; path = "icon@2x.png"; sourceTree = "<group>"; };
		6B4706BA19109D4100A6FA02 /* a.png */ = {isa = PBXFileReference; lastKnownFileType = image.png; path = a.png; sourceTree = "<group>"; };
		6B4706BC1910A4B300A6FA02 /* KQSettingsViewController.h */ = {isa = PBXFileReference; fileEncoding = 4; lastKnownFileType = sourcecode.c.h; name = KQSettingsViewController.h; path = Classes/Controllers/KQSettingsViewController.h; sourceTree = "<group>"; };
		6B4706BD1910A4B300A6FA02 /* KQSettingsViewController.m */ = {isa = PBXFileReference; fileEncoding = 4; lastKnownFileType = sourcecode.c.objc; name = KQSettingsViewController.m; path = Classes/Controllers/KQSettingsViewController.m; sourceTree = "<group>"; };
		6BB2CCB018DF857C00E364AD /* KQAnswerButton.h */ = {isa = PBXFileReference; fileEncoding = 4; lastKnownFileType = sourcecode.c.h; name = KQAnswerButton.h; path = Classes/Views/KQAnswerButton.h; sourceTree = "<group>"; };
		6BB2CCB118DF857C00E364AD /* KQAnswerButton.m */ = {isa = PBXFileReference; fileEncoding = 4; lastKnownFileType = sourcecode.c.objc; name = KQAnswerButton.m; path = Classes/Views/KQAnswerButton.m; sourceTree = "<group>"; };
		6BB39FE618E257E800561C5C /* Word.h */ = {isa = PBXFileReference; fileEncoding = 4; lastKnownFileType = sourcecode.c.h; name = Word.h; path = Classes/Models/Word.h; sourceTree = "<group>"; };
		6BB39FE718E257E800561C5C /* Word.m */ = {isa = PBXFileReference; fileEncoding = 4; lastKnownFileType = sourcecode.c.objc; name = Word.m; path = Classes/Models/Word.m; sourceTree = "<group>"; };
		6BB39FE918E2636200561C5C /* Words.json */ = {isa = PBXFileReference; fileEncoding = 4; lastKnownFileType = text.json; path = Words.json; sourceTree = "<group>"; };
		6BDC2EB818DE78EA00FC0413 /* KQSymbolSettingsCollectionViewCell.h */ = {isa = PBXFileReference; fileEncoding = 4; lastKnownFileType = sourcecode.c.h; name = KQSymbolSettingsCollectionViewCell.h; path = Classes/Views/KQSymbolSettingsCollectionViewCell.h; sourceTree = "<group>"; };
		6BDC2EB918DE78EA00FC0413 /* KQSymbolSettingsCollectionViewCell.m */ = {isa = PBXFileReference; fileEncoding = 4; lastKnownFileType = sourcecode.c.objc; name = KQSymbolSettingsCollectionViewCell.m; path = Classes/Views/KQSymbolSettingsCollectionViewCell.m; sourceTree = "<group>"; };
		6BDC2EBD18DE7B8A00FC0413 /* KQSymbolSettingsCollectionViewCell.xib */ = {isa = PBXFileReference; fileEncoding = 4; lastKnownFileType = file.xib; name = KQSymbolSettingsCollectionViewCell.xib; path = "Interface Builder/KQSymbolSettingsCollectionViewCell.xib"; sourceTree = "<group>"; };
		6BE6F5AE18E51E5E006325C0 /* WordDictionary.h */ = {isa = PBXFileReference; fileEncoding = 4; lastKnownFileType = sourcecode.c.h; name = WordDictionary.h; path = Classes/Utilities/WordDictionary.h; sourceTree = "<group>"; };
		6BE6F5AF18E51E5E006325C0 /* WordDictionary.m */ = {isa = PBXFileReference; fileEncoding = 4; lastKnownFileType = sourcecode.c.objc; name = WordDictionary.m; path = Classes/Utilities/WordDictionary.m; sourceTree = "<group>"; };
		6BEAC6E818DBBB2800175232 /* HiraKataQuiz.app */ = {isa = PBXFileReference; explicitFileType = wrapper.application; includeInIndex = 0; path = HiraKataQuiz.app; sourceTree = BUILT_PRODUCTS_DIR; };
		6BEAC6EB18DBBB2800175232 /* Foundation.framework */ = {isa = PBXFileReference; lastKnownFileType = wrapper.framework; name = Foundation.framework; path = System/Library/Frameworks/Foundation.framework; sourceTree = SDKROOT; };
		6BEAC6ED18DBBB2800175232 /* CoreGraphics.framework */ = {isa = PBXFileReference; lastKnownFileType = wrapper.framework; name = CoreGraphics.framework; path = System/Library/Frameworks/CoreGraphics.framework; sourceTree = SDKROOT; };
		6BEAC6EF18DBBB2800175232 /* UIKit.framework */ = {isa = PBXFileReference; lastKnownFileType = wrapper.framework; name = UIKit.framework; path = System/Library/Frameworks/UIKit.framework; sourceTree = SDKROOT; };
		6BEAC6F318DBBB2800175232 /* HiraKataQuiz-Info.plist */ = {isa = PBXFileReference; lastKnownFileType = text.plist.xml; path = "HiraKataQuiz-Info.plist"; sourceTree = "<group>"; };
		6BEAC6F518DBBB2800175232 /* en */ = {isa = PBXFileReference; lastKnownFileType = text.plist.strings; name = en; path = en.lproj/InfoPlist.strings; sourceTree = "<group>"; };
		6BEAC6F718DBBB2800175232 /* main.m */ = {isa = PBXFileReference; lastKnownFileType = sourcecode.c.objc; path = main.m; sourceTree = "<group>"; };
		6BEAC6F918DBBB2800175232 /* HiraKataQuiz-Prefix.pch */ = {isa = PBXFileReference; lastKnownFileType = sourcecode.c.h; path = "HiraKataQuiz-Prefix.pch"; sourceTree = "<group>"; };
		6BEAC6FA18DBBB2800175232 /* KQAppDelegate.h */ = {isa = PBXFileReference; lastKnownFileType = sourcecode.c.h; path = KQAppDelegate.h; sourceTree = "<group>"; };
		6BEAC6FB18DBBB2800175232 /* KQAppDelegate.m */ = {isa = PBXFileReference; lastKnownFileType = sourcecode.c.objc; path = KQAppDelegate.m; sourceTree = "<group>"; };
		6BEAC6FE18DBBB2800175232 /* Base */ = {isa = PBXFileReference; lastKnownFileType = file.storyboard; name = Base; path = Base.lproj/Main_iPhone.storyboard; sourceTree = "<group>"; };
		6BEAC70118DBBB2800175232 /* Base */ = {isa = PBXFileReference; lastKnownFileType = file.storyboard; name = Base; path = Base.lproj/Main_iPad.storyboard; sourceTree = "<group>"; };
		6BEAC70618DBBB2800175232 /* Images.xcassets */ = {isa = PBXFileReference; lastKnownFileType = folder.assetcatalog; path = Images.xcassets; sourceTree = "<group>"; };
		6BEAC70C18DBBB2800175232 /* HiraKataQuizTests.xctest */ = {isa = PBXFileReference; explicitFileType = wrapper.cfbundle; includeInIndex = 0; path = HiraKataQuizTests.xctest; sourceTree = BUILT_PRODUCTS_DIR; };
		6BEAC70D18DBBB2800175232 /* XCTest.framework */ = {isa = PBXFileReference; lastKnownFileType = wrapper.framework; name = XCTest.framework; path = Library/Frameworks/XCTest.framework; sourceTree = DEVELOPER_DIR; };
		6BEAC71518DBBB2800175232 /* HiraKataQuizTests-Info.plist */ = {isa = PBXFileReference; lastKnownFileType = text.plist.xml; path = "HiraKataQuizTests-Info.plist"; sourceTree = "<group>"; };
		6BEAC71718DBBB2800175232 /* en */ = {isa = PBXFileReference; lastKnownFileType = text.plist.strings; name = en; path = en.lproj/InfoPlist.strings; sourceTree = "<group>"; };
		6BEAC71918DBBB2800175232 /* HiraKataQuizTests.m */ = {isa = PBXFileReference; lastKnownFileType = sourcecode.c.objc; path = HiraKataQuizTests.m; sourceTree = "<group>"; };
		6BEAC72D18DBBD6900175232 /* KQMultipleChoiceViewController.h */ = {isa = PBXFileReference; fileEncoding = 4; lastKnownFileType = sourcecode.c.h; name = KQMultipleChoiceViewController.h; path = Classes/Controllers/KQMultipleChoiceViewController.h; sourceTree = "<group>"; };
		6BEAC72E18DBBD6900175232 /* KQMultipleChoiceViewController.m */ = {isa = PBXFileReference; fileEncoding = 4; lastKnownFileType = sourcecode.c.objc; name = KQMultipleChoiceViewController.m; path = Classes/Controllers/KQMultipleChoiceViewController.m; sourceTree = "<group>"; };
		6BEAC73018DBBE6500175232 /* KQHomeViewController.h */ = {isa = PBXFileReference; fileEncoding = 4; lastKnownFileType = sourcecode.c.h; name = KQHomeViewController.h; path = Classes/Controllers/KQHomeViewController.h; sourceTree = "<group>"; };
		6BEAC73118DBBE6500175232 /* KQHomeViewController.m */ = {isa = PBXFileReference; fileEncoding = 4; lastKnownFileType = sourcecode.c.objc; name = KQHomeViewController.m; path = Classes/Controllers/KQHomeViewController.m; sourceTree = "<group>"; };
		6BEAC73318DBBE7600175232 /* KQCharacterSelectionViewController.h */ = {isa = PBXFileReference; fileEncoding = 4; lastKnownFileType = sourcecode.c.h; name = KQCharacterSelectionViewController.h; path = Classes/Controllers/KQCharacterSelectionViewController.h; sourceTree = "<group>"; };
		6BEAC73418DBBE7600175232 /* KQCharacterSelectionViewController.m */ = {isa = PBXFileReference; fileEncoding = 4; lastKnownFileType = sourcecode.c.objc; name = KQCharacterSelectionViewController.m; path = Classes/Controllers/KQCharacterSelectionViewController.m; sourceTree = "<group>"; };
		6BEAC73618DBC04200175232 /* Colour.h */ = {isa = PBXFileReference; fileEncoding = 4; lastKnownFileType = sourcecode.c.h; name = Colour.h; path = Classes/Utilities/Colour.h; sourceTree = "<group>"; };
		6BEAC73718DBC04200175232 /* Colour.m */ = {isa = PBXFileReference; fileEncoding = 4; lastKnownFileType = sourcecode.c.objc; name = Colour.m; path = Classes/Utilities/Colour.m; sourceTree = "<group>"; };
		6BEAC73918DBC05E00175232 /* Font.h */ = {isa = PBXFileReference; fileEncoding = 4; lastKnownFileType = sourcecode.c.h; name = Font.h; path = Classes/Utilities/Font.h; sourceTree = "<group>"; };
		6BEAC73A18DBC05E00175232 /* Font.m */ = {isa = PBXFileReference; fileEncoding = 4; lastKnownFileType = sourcecode.c.objc; name = Font.m; path = Classes/Utilities/Font.m; sourceTree = "<group>"; };
		6BEAC73C18DBC33400175232 /* Symbol.h */ = {isa = PBXFileReference; fileEncoding = 4; lastKnownFileType = sourcecode.c.h; name = Symbol.h; path = Classes/Models/Symbol.h; sourceTree = "<group>"; };
		6BEAC73D18DBC33400175232 /* Symbol.m */ = {isa = PBXFileReference; fileEncoding = 4; lastKnownFileType = sourcecode.c.objc; name = Symbol.m; path = Classes/Models/Symbol.m; sourceTree = "<group>"; };
		6BEAC74018DBC3F400175232 /* SymbolDictionary.h */ = {isa = PBXFileReference; fileEncoding = 4; lastKnownFileType = sourcecode.c.h; name = SymbolDictionary.h; path = Classes/Utilities/SymbolDictionary.h; sourceTree = "<group>"; };
		6BEAC74118DBC3F400175232 /* SymbolDictionary.m */ = {isa = PBXFileReference; fileEncoding = 4; lastKnownFileType = sourcecode.c.objc; name = SymbolDictionary.m; path = Classes/Utilities/SymbolDictionary.m; sourceTree = "<group>"; };
		6BEAC74318DBC47500175232 /* Symbols.json */ = {isa = PBXFileReference; fileEncoding = 4; lastKnownFileType = text.json; path = Symbols.json; sourceTree = "<group>"; };
		6BEAC74518DBDA3C00175232 /* KQMultipleChoiceView.h */ = {isa = PBXFileReference; fileEncoding = 4; lastKnownFileType = sourcecode.c.h; name = KQMultipleChoiceView.h; path = Classes/Views/KQMultipleChoiceView.h; sourceTree = "<group>"; };
		6BEAC74618DBDA3C00175232 /* KQMultipleChoiceView.m */ = {isa = PBXFileReference; fileEncoding = 4; lastKnownFileType = sourcecode.c.objc; name = KQMultipleChoiceView.m; path = Classes/Views/KQMultipleChoiceView.m; sourceTree = "<group>"; };
/* End PBXFileReference section */

/* Begin PBXFrameworksBuildPhase section */
		6BEAC6E518DBBB2800175232 /* Frameworks */ = {
			isa = PBXFrameworksBuildPhase;
			buildActionMask = 2147483647;
			files = (
				6BEAC6EE18DBBB2800175232 /* CoreGraphics.framework in Frameworks */,
				6BEAC6F018DBBB2800175232 /* UIKit.framework in Frameworks */,
				6BEAC6EC18DBBB2800175232 /* Foundation.framework in Frameworks */,
			);
			runOnlyForDeploymentPostprocessing = 0;
		};
		6BEAC70918DBBB2800175232 /* Frameworks */ = {
			isa = PBXFrameworksBuildPhase;
			buildActionMask = 2147483647;
			files = (
				6BEAC70E18DBBB2800175232 /* XCTest.framework in Frameworks */,
				6BEAC71018DBBB2800175232 /* UIKit.framework in Frameworks */,
				6BEAC70F18DBBB2800175232 /* Foundation.framework in Frameworks */,
			);
			runOnlyForDeploymentPostprocessing = 0;
		};
/* End PBXFrameworksBuildPhase section */

/* Begin PBXGroup section */
		6B00B1E61904A6A100E95106 /* Assets */ = {
			isa = PBXGroup;
			children = (
				6B4706BA19109D4100A6FA02 /* a.png */,
				6B00B1E71904A6BF00E95106 /* volume.png */,
			);
			name = Assets;
			sourceTree = "<group>";
		};
		6BDC2EBC18DE7B2F00FC0413 /* Collection View Cells */ = {
			isa = PBXGroup;
			children = (
				6BDC2EBD18DE7B8A00FC0413 /* KQSymbolSettingsCollectionViewCell.xib */,
			);
			name = "Collection View Cells";
			sourceTree = "<group>";
		};
		6BEAC6DF18DBBB2800175232 = {
			isa = PBXGroup;
			children = (
				6BEAC6F118DBBB2800175232 /* HiraKataQuiz */,
				6BEAC71318DBBB2800175232 /* HiraKataQuizTests */,
				6BEAC6EA18DBBB2800175232 /* Frameworks */,
				6BEAC6E918DBBB2800175232 /* Products */,
			);
			sourceTree = "<group>";
		};
		6BEAC6E918DBBB2800175232 /* Products */ = {
			isa = PBXGroup;
			children = (
				6BEAC6E818DBBB2800175232 /* HiraKataQuiz.app */,
				6BEAC70C18DBBB2800175232 /* HiraKataQuizTests.xctest */,
			);
			name = Products;
			sourceTree = "<group>";
		};
		6BEAC6EA18DBBB2800175232 /* Frameworks */ = {
			isa = PBXGroup;
			children = (
				6BEAC6EB18DBBB2800175232 /* Foundation.framework */,
				6BEAC6ED18DBBB2800175232 /* CoreGraphics.framework */,
				6BEAC6EF18DBBB2800175232 /* UIKit.framework */,
				6BEAC70D18DBBB2800175232 /* XCTest.framework */,
			);
			name = Frameworks;
			sourceTree = "<group>";
		};
		6BEAC6F118DBBB2800175232 /* HiraKataQuiz */ = {
			isa = PBXGroup;
			children = (
				6BEAC72318DBBCB800175232 /* Interface Builder */,
				6BEAC72918DBBD1200175232 /* Controllers */,
				6BEAC72A18DBBD1D00175232 /* Views */,
				6BEAC72C18DBBD3100175232 /* Models */,
				6BEAC6FA18DBBB2800175232 /* KQAppDelegate.h */,
				6BEAC6FB18DBBB2800175232 /* KQAppDelegate.m */,
				6BEAC70618DBBB2800175232 /* Images.xcassets */,
				6BEAC6F218DBBB2800175232 /* Supporting Files */,
				6BEAC72B18DBBD2200175232 /* Utilities */,
				6B00B1E61904A6A100E95106 /* Assets */,
			);
			path = HiraKataQuiz;
			sourceTree = "<group>";
		};
		6BEAC6F218DBBB2800175232 /* Supporting Files */ = {
			isa = PBXGroup;
			children = (
				6B00B1E91904B12200E95106 /* icon.png */,
				6B00B1EA1904B12200E95106 /* icon@2x.png */,
				6BEAC6F318DBBB2800175232 /* HiraKataQuiz-Info.plist */,
				6BEAC6F418DBBB2800175232 /* InfoPlist.strings */,
				6BEAC6F718DBBB2800175232 /* main.m */,
				6BEAC6F918DBBB2800175232 /* HiraKataQuiz-Prefix.pch */,
				6BEAC74318DBC47500175232 /* Symbols.json */,
				6BB39FE918E2636200561C5C /* Words.json */,
			);
			name = "Supporting Files";
			sourceTree = "<group>";
		};
		6BEAC71318DBBB2800175232 /* HiraKataQuizTests */ = {
			isa = PBXGroup;
			children = (
				6BEAC71918DBBB2800175232 /* HiraKataQuizTests.m */,
				6BEAC71418DBBB2800175232 /* Supporting Files */,
			);
			path = HiraKataQuizTests;
			sourceTree = "<group>";
		};
		6BEAC71418DBBB2800175232 /* Supporting Files */ = {
			isa = PBXGroup;
			children = (
				6BEAC71518DBBB2800175232 /* HiraKataQuizTests-Info.plist */,
				6BEAC71618DBBB2800175232 /* InfoPlist.strings */,
			);
			name = "Supporting Files";
			sourceTree = "<group>";
		};
		6BEAC72318DBBCB800175232 /* Interface Builder */ = {
			isa = PBXGroup;
			children = (
				6BEAC72618DBBCDA00175232 /* iPad */,
				6BEAC72518DBBCD500175232 /* iPhone */,
			);
			name = "Interface Builder";
			sourceTree = "<group>";
		};
		6BEAC72418DBBCC800175232 /* Storyboards */ = {
			isa = PBXGroup;
			children = (
				6BEAC6FD18DBBB2800175232 /* Main_iPhone.storyboard */,
			);
			name = Storyboards;
			sourceTree = "<group>";
		};
		6BEAC72518DBBCD500175232 /* iPhone */ = {
			isa = PBXGroup;
			children = (
				6BDC2EBC18DE7B2F00FC0413 /* Collection View Cells */,
				6BEAC72418DBBCC800175232 /* Storyboards */,
			);
			name = iPhone;
			sourceTree = "<group>";
		};
		6BEAC72618DBBCDA00175232 /* iPad */ = {
			isa = PBXGroup;
			children = (
				6BEAC72718DBBCF000175232 /* Storyboards */,
			);
			name = iPad;
			sourceTree = "<group>";
		};
		6BEAC72718DBBCF000175232 /* Storyboards */ = {
			isa = PBXGroup;
			children = (
				6BEAC70018DBBB2800175232 /* Main_iPad.storyboard */,
			);
			name = Storyboards;
			sourceTree = "<group>";
		};
		6BEAC72918DBBD1200175232 /* Controllers */ = {
			isa = PBXGroup;
			children = (
				6BEAC73018DBBE6500175232 /* KQHomeViewController.h */,
				6BEAC73118DBBE6500175232 /* KQHomeViewController.m */,
				6B4706BC1910A4B300A6FA02 /* KQSettingsViewController.h */,
				6B4706BD1910A4B300A6FA02 /* KQSettingsViewController.m */,
				6BEAC73318DBBE7600175232 /* KQCharacterSelectionViewController.h */,
				6BEAC73418DBBE7600175232 /* KQCharacterSelectionViewController.m */,
				6BEAC72D18DBBD6900175232 /* KQMultipleChoiceViewController.h */,
				6BEAC72E18DBBD6900175232 /* KQMultipleChoiceViewController.m */,
			);
			name = Controllers;
			sourceTree = "<group>";
		};
		6BEAC72A18DBBD1D00175232 /* Views */ = {
			isa = PBXGroup;
			children = (
				6BEAC74518DBDA3C00175232 /* KQMultipleChoiceView.h */,
				6BEAC74618DBDA3C00175232 /* KQMultipleChoiceView.m */,
				6BDC2EB818DE78EA00FC0413 /* KQSymbolSettingsCollectionViewCell.h */,
				6BDC2EB918DE78EA00FC0413 /* KQSymbolSettingsCollectionViewCell.m */,
				6BB2CCB018DF857C00E364AD /* KQAnswerButton.h */,
				6BB2CCB118DF857C00E364AD /* KQAnswerButton.m */,
			);
			name = Views;
			sourceTree = "<group>";
		};
		6BEAC72B18DBBD2200175232 /* Utilities */ = {
			isa = PBXGroup;
			children = (
				6BEAC73618DBC04200175232 /* Colour.h */,
				6BEAC73718DBC04200175232 /* Colour.m */,
				6BEAC73918DBC05E00175232 /* Font.h */,
				6BEAC73A18DBC05E00175232 /* Font.m */,
			);
			name = Utilities;
			sourceTree = "<group>";
		};
		6BEAC72C18DBBD3100175232 /* Models */ = {
			isa = PBXGroup;
			children = (
				6BEAC74018DBC3F400175232 /* SymbolDictionary.h */,
				6BEAC74118DBC3F400175232 /* SymbolDictionary.m */,
				6BE6F5AE18E51E5E006325C0 /* WordDictionary.h */,
				6BE6F5AF18E51E5E006325C0 /* WordDictionary.m */,
				6BEAC73C18DBC33400175232 /* Symbol.h */,
				6BEAC73D18DBC33400175232 /* Symbol.m */,
				6BB39FE618E257E800561C5C /* Word.h */,
				6BB39FE718E257E800561C5C /* Word.m */,
			);
			name = Models;
			sourceTree = "<group>";
		};
/* End PBXGroup section */

/* Begin PBXNativeTarget section */
		6BEAC6E718DBBB2800175232 /* HiraKataQuiz */ = {
			isa = PBXNativeTarget;
			buildConfigurationList = 6BEAC71D18DBBB2800175232 /* Build configuration list for PBXNativeTarget "HiraKataQuiz" */;
			buildPhases = (
				6BEAC6E418DBBB2800175232 /* Sources */,
				6BEAC6E518DBBB2800175232 /* Frameworks */,
				6BEAC6E618DBBB2800175232 /* Resources */,
			);
			buildRules = (
			);
			dependencies = (
			);
			name = HiraKataQuiz;
			productName = HiraKataQuiz;
			productReference = 6BEAC6E818DBBB2800175232 /* HiraKataQuiz.app */;
			productType = "com.apple.product-type.application";
		};
		6BEAC70B18DBBB2800175232 /* HiraKataQuizTests */ = {
			isa = PBXNativeTarget;
			buildConfigurationList = 6BEAC72018DBBB2800175232 /* Build configuration list for PBXNativeTarget "HiraKataQuizTests" */;
			buildPhases = (
				6BEAC70818DBBB2800175232 /* Sources */,
				6BEAC70918DBBB2800175232 /* Frameworks */,
				6BEAC70A18DBBB2800175232 /* Resources */,
			);
			buildRules = (
			);
			dependencies = (
				6BEAC71218DBBB2800175232 /* PBXTargetDependency */,
			);
			name = HiraKataQuizTests;
			productName = HiraKataQuizTests;
			productReference = 6BEAC70C18DBBB2800175232 /* HiraKataQuizTests.xctest */;
			productType = "com.apple.product-type.bundle.unit-test";
		};
/* End PBXNativeTarget section */

/* Begin PBXProject section */
		6BEAC6E018DBBB2800175232 /* Project object */ = {
			isa = PBXProject;
			attributes = {
				CLASSPREFIX = KQ;
				LastUpgradeCheck = 0510;
				ORGANIZATIONNAME = "Kael Quet";
				TargetAttributes = {
					6BEAC70B18DBBB2800175232 = {
						TestTargetID = 6BEAC6E718DBBB2800175232;
					};
				};
			};
			buildConfigurationList = 6BEAC6E318DBBB2800175232 /* Build configuration list for PBXProject "HiraKataQuiz" */;
			compatibilityVersion = "Xcode 3.2";
			developmentRegion = English;
			hasScannedForEncodings = 0;
			knownRegions = (
				en,
				Base,
			);
			mainGroup = 6BEAC6DF18DBBB2800175232;
			productRefGroup = 6BEAC6E918DBBB2800175232 /* Products */;
			projectDirPath = "";
			projectRoot = "";
			targets = (
				6BEAC6E718DBBB2800175232 /* HiraKataQuiz */,
				6BEAC70B18DBBB2800175232 /* HiraKataQuizTests */,
			);
		};
/* End PBXProject section */

/* Begin PBXResourcesBuildPhase section */
		6BEAC6E618DBBB2800175232 /* Resources */ = {
			isa = PBXResourcesBuildPhase;
			buildActionMask = 2147483647;
			files = (
				6BEAC70218DBBB2800175232 /* Main_iPad.storyboard in Resources */,
				6BB39FEA18E2636200561C5C /* Words.json in Resources */,
				6B00B1EB1904B12200E95106 /* icon.png in Resources */,
				6BEAC70718DBBB2800175232 /* Images.xcassets in Resources */,
				6B00B1E81904A6BF00E95106 /* volume.png in Resources */,
				6BEAC6FF18DBBB2800175232 /* Main_iPhone.storyboard in Resources */,
				6BEAC6F618DBBB2800175232 /* InfoPlist.strings in Resources */,
				6BDC2EBE18DE7B8A00FC0413 /* KQSymbolSettingsCollectionViewCell.xib in Resources */,
				6BEAC74418DBC47500175232 /* Symbols.json in Resources */,
				6B4706BB19109D4100A6FA02 /* a.png in Resources */,
				6B00B1EC1904B12200E95106 /* icon@2x.png in Resources */,
			);
			runOnlyForDeploymentPostprocessing = 0;
		};
		6BEAC70A18DBBB2800175232 /* Resources */ = {
			isa = PBXResourcesBuildPhase;
			buildActionMask = 2147483647;
			files = (
				6BEAC71818DBBB2800175232 /* InfoPlist.strings in Resources */,
			);
			runOnlyForDeploymentPostprocessing = 0;
		};
/* End PBXResourcesBuildPhase section */

/* Begin PBXSourcesBuildPhase section */
		6BEAC6E418DBBB2800175232 /* Sources */ = {
			isa = PBXSourcesBuildPhase;
			buildActionMask = 2147483647;
			files = (
				6BB39FE818E257E800561C5C /* Word.m in Sources */,
				6BEAC73218DBBE6500175232 /* KQHomeViewController.m in Sources */,
				6BEAC73E18DBC33400175232 /* Symbol.m in Sources */,
				6B4706BE1910A4B300A6FA02 /* KQSettingsViewController.m in Sources */,
				6BDC2EBA18DE78EA00FC0413 /* KQSymbolSettingsCollectionViewCell.m in Sources */,
				6BEAC6FC18DBBB2800175232 /* KQAppDelegate.m in Sources */,
				6BEAC73518DBBE7600175232 /* KQCharacterSelectionViewController.m in Sources */,
				6BEAC72F18DBBD6900175232 /* KQMultipleChoiceViewController.m in Sources */,
				6BEAC74218DBC3F400175232 /* SymbolDictionary.m in Sources */,
				6BB2CCB218DF857C00E364AD /* KQAnswerButton.m in Sources */,
				6BE6F5B018E51E5E006325C0 /* WordDictionary.m in Sources */,
				6BEAC6F818DBBB2800175232 /* main.m in Sources */,
				6BEAC74718DBDA3C00175232 /* KQMultipleChoiceView.m in Sources */,
				6BEAC73B18DBC05E00175232 /* Font.m in Sources */,
				6BEAC73818DBC04200175232 /* Colour.m in Sources */,
			);
			runOnlyForDeploymentPostprocessing = 0;
		};
		6BEAC70818DBBB2800175232 /* Sources */ = {
			isa = PBXSourcesBuildPhase;
			buildActionMask = 2147483647;
			files = (
				6BEAC71A18DBBB2800175232 /* HiraKataQuizTests.m in Sources */,
			);
			runOnlyForDeploymentPostprocessing = 0;
		};
/* End PBXSourcesBuildPhase section */

/* Begin PBXTargetDependency section */
		6BEAC71218DBBB2800175232 /* PBXTargetDependency */ = {
			isa = PBXTargetDependency;
			target = 6BEAC6E718DBBB2800175232 /* HiraKataQuiz */;
			targetProxy = 6BEAC71118DBBB2800175232 /* PBXContainerItemProxy */;
		};
/* End PBXTargetDependency section */

/* Begin PBXVariantGroup section */
		6BEAC6F418DBBB2800175232 /* InfoPlist.strings */ = {
			isa = PBXVariantGroup;
			children = (
				6BEAC6F518DBBB2800175232 /* en */,
			);
			name = InfoPlist.strings;
			sourceTree = "<group>";
		};
		6BEAC6FD18DBBB2800175232 /* Main_iPhone.storyboard */ = {
			isa = PBXVariantGroup;
			children = (
				6BEAC6FE18DBBB2800175232 /* Base */,
			);
			name = Main_iPhone.storyboard;
			sourceTree = "<group>";
		};
		6BEAC70018DBBB2800175232 /* Main_iPad.storyboard */ = {
			isa = PBXVariantGroup;
			children = (
				6BEAC70118DBBB2800175232 /* Base */,
			);
			name = Main_iPad.storyboard;
			sourceTree = "<group>";
		};
		6BEAC71618DBBB2800175232 /* InfoPlist.strings */ = {
			isa = PBXVariantGroup;
			children = (
				6BEAC71718DBBB2800175232 /* en */,
			);
			name = InfoPlist.strings;
			sourceTree = "<group>";
		};
/* End PBXVariantGroup section */

/* Begin XCBuildConfiguration section */
		6BEAC71B18DBBB2800175232 /* Debug */ = {
			isa = XCBuildConfiguration;
			buildSettings = {
				ALWAYS_SEARCH_USER_PATHS = NO;
				CLANG_CXX_LANGUAGE_STANDARD = "gnu++0x";
				CLANG_CXX_LIBRARY = "libc++";
				CLANG_ENABLE_MODULES = YES;
				CLANG_ENABLE_OBJC_ARC = YES;
				CLANG_WARN_BOOL_CONVERSION = YES;
				CLANG_WARN_CONSTANT_CONVERSION = YES;
				CLANG_WARN_DIRECT_OBJC_ISA_USAGE = YES_ERROR;
				CLANG_WARN_EMPTY_BODY = YES;
				CLANG_WARN_ENUM_CONVERSION = YES;
				CLANG_WARN_INT_CONVERSION = YES;
				CLANG_WARN_OBJC_ROOT_CLASS = YES_ERROR;
				CLANG_WARN__DUPLICATE_METHOD_MATCH = YES;
				"CODE_SIGN_IDENTITY[sdk=iphoneos*]" = "iPhone Developer";
				COPY_PHASE_STRIP = NO;
				GCC_C_LANGUAGE_STANDARD = gnu99;
				GCC_DYNAMIC_NO_PIC = NO;
				GCC_OPTIMIZATION_LEVEL = 0;
				GCC_PREPROCESSOR_DEFINITIONS = (
					"DEBUG=1",
					"$(inherited)",
				);
				GCC_SYMBOLS_PRIVATE_EXTERN = NO;
				GCC_WARN_64_TO_32_BIT_CONVERSION = YES;
				GCC_WARN_ABOUT_RETURN_TYPE = YES_ERROR;
				GCC_WARN_UNDECLARED_SELECTOR = YES;
				GCC_WARN_UNINITIALIZED_AUTOS = YES_AGGRESSIVE;
				GCC_WARN_UNUSED_FUNCTION = YES;
				GCC_WARN_UNUSED_VARIABLE = YES;
				IPHONEOS_DEPLOYMENT_TARGET = 7.1;
				ONLY_ACTIVE_ARCH = YES;
				SDKROOT = iphoneos;
				TARGETED_DEVICE_FAMILY = "1,2";
			};
			name = Debug;
		};
		6BEAC71C18DBBB2800175232 /* Release */ = {
			isa = XCBuildConfiguration;
			buildSettings = {
				ALWAYS_SEARCH_USER_PATHS = NO;
				CLANG_CXX_LANGUAGE_STANDARD = "gnu++0x";
				CLANG_CXX_LIBRARY = "libc++";
				CLANG_ENABLE_MODULES = YES;
				CLANG_ENABLE_OBJC_ARC = YES;
				CLANG_WARN_BOOL_CONVERSION = YES;
				CLANG_WARN_CONSTANT_CONVERSION = YES;
				CLANG_WARN_DIRECT_OBJC_ISA_USAGE = YES_ERROR;
				CLANG_WARN_EMPTY_BODY = YES;
				CLANG_WARN_ENUM_CONVERSION = YES;
				CLANG_WARN_INT_CONVERSION = YES;
				CLANG_WARN_OBJC_ROOT_CLASS = YES_ERROR;
				CLANG_WARN__DUPLICATE_METHOD_MATCH = YES;
				"CODE_SIGN_IDENTITY[sdk=iphoneos*]" = "iPhone Developer";
				COPY_PHASE_STRIP = YES;
				ENABLE_NS_ASSERTIONS = NO;
				GCC_C_LANGUAGE_STANDARD = gnu99;
				GCC_WARN_64_TO_32_BIT_CONVERSION = YES;
				GCC_WARN_ABOUT_RETURN_TYPE = YES_ERROR;
				GCC_WARN_UNDECLARED_SELECTOR = YES;
				GCC_WARN_UNINITIALIZED_AUTOS = YES_AGGRESSIVE;
				GCC_WARN_UNUSED_FUNCTION = YES;
				GCC_WARN_UNUSED_VARIABLE = YES;
				IPHONEOS_DEPLOYMENT_TARGET = 7.1;
				SDKROOT = iphoneos;
				TARGETED_DEVICE_FAMILY = "1,2";
				VALIDATE_PRODUCT = YES;
			};
			name = Release;
		};
		6BEAC71E18DBBB2800175232 /* Debug */ = {
			isa = XCBuildConfiguration;
			buildSettings = {
				ASSETCATALOG_COMPILER_APPICON_NAME = AppIcon;
				ASSETCATALOG_COMPILER_LAUNCHIMAGE_NAME = LaunchImage;
				GCC_PRECOMPILE_PREFIX_HEADER = YES;
				GCC_PREFIX_HEADER = "HiraKataQuiz/HiraKataQuiz-Prefix.pch";
				INFOPLIST_FILE = "HiraKataQuiz/HiraKataQuiz-Info.plist";
				PRODUCT_NAME = "$(TARGET_NAME)";
				WRAPPER_EXTENSION = app;
			};
			name = Debug;
		};
		6BEAC71F18DBBB2800175232 /* Release */ = {
			isa = XCBuildConfiguration;
			buildSettings = {
				ASSETCATALOG_COMPILER_APPICON_NAME = AppIcon;
				ASSETCATALOG_COMPILER_LAUNCHIMAGE_NAME = LaunchImage;
				GCC_PRECOMPILE_PREFIX_HEADER = YES;
				GCC_PREFIX_HEADER = "HiraKataQuiz/HiraKataQuiz-Prefix.pch";
				INFOPLIST_FILE = "HiraKataQuiz/HiraKataQuiz-Info.plist";
				PRODUCT_NAME = "$(TARGET_NAME)";
				WRAPPER_EXTENSION = app;
			};
			name = Release;
		};
		6BEAC72118DBBB2800175232 /* Debug */ = {
			isa = XCBuildConfiguration;
			buildSettings = {
				BUNDLE_LOADER = "$(BUILT_PRODUCTS_DIR)/HiraKataQuiz.app/HiraKataQuiz";
				FRAMEWORK_SEARCH_PATHS = (
					"$(SDKROOT)/Developer/Library/Frameworks",
					"$(inherited)",
					"$(DEVELOPER_FRAMEWORKS_DIR)",
				);
				GCC_PRECOMPILE_PREFIX_HEADER = YES;
				GCC_PREFIX_HEADER = "HiraKataQuiz/HiraKataQuiz-Prefix.pch";
				GCC_PREPROCESSOR_DEFINITIONS = (
					"DEBUG=1",
					"$(inherited)",
				);
				INFOPLIST_FILE = "HiraKataQuizTests/HiraKataQuizTests-Info.plist";
				PRODUCT_NAME = "$(TARGET_NAME)";
				TEST_HOST = "$(BUNDLE_LOADER)";
				WRAPPER_EXTENSION = xctest;
			};
			name = Debug;
		};
		6BEAC72218DBBB2800175232 /* Release */ = {
			isa = XCBuildConfiguration;
			buildSettings = {
				BUNDLE_LOADER = "$(BUILT_PRODUCTS_DIR)/HiraKataQuiz.app/HiraKataQuiz";
				FRAMEWORK_SEARCH_PATHS = (
					"$(SDKROOT)/Developer/Library/Frameworks",
					"$(inherited)",
					"$(DEVELOPER_FRAMEWORKS_DIR)",
				);
				GCC_PRECOMPILE_PREFIX_HEADER = YES;
				GCC_PREFIX_HEADER = "HiraKataQuiz/HiraKataQuiz-Prefix.pch";
				INFOPLIST_FILE = "HiraKataQuizTests/HiraKataQuizTests-Info.plist";
				PRODUCT_NAME = "$(TARGET_NAME)";
				TEST_HOST = "$(BUNDLE_LOADER)";
				WRAPPER_EXTENSION = xctest;
			};
			name = Release;
		};
/* End XCBuildConfiguration section */

/* Begin XCConfigurationList section */
		6BEAC6E318DBBB2800175232 /* Build configuration list for PBXProject "HiraKataQuiz" */ = {
			isa = XCConfigurationList;
			buildConfigurations = (
				6BEAC71B18DBBB2800175232 /* Debug */,
				6BEAC71C18DBBB2800175232 /* Release */,
			);
			defaultConfigurationIsVisible = 0;
			defaultConfigurationName = Release;
		};
		6BEAC71D18DBBB2800175232 /* Build configuration list for PBXNativeTarget "HiraKataQuiz" */ = {
			isa = XCConfigurationList;
			buildConfigurations = (
				6BEAC71E18DBBB2800175232 /* Debug */,
				6BEAC71F18DBBB2800175232 /* Release */,
			);
			defaultConfigurationIsVisible = 0;
			defaultConfigurationName = Release;
		};
		6BEAC72018DBBB2800175232 /* Build configuration list for PBXNativeTarget "HiraKataQuizTests" */ = {
			isa = XCConfigurationList;
			buildConfigurations = (
				6BEAC72118DBBB2800175232 /* Debug */,
				6BEAC72218DBBB2800175232 /* Release */,
			);
			defaultConfigurationIsVisible = 0;
			defaultConfigurationName = Release;
		};
/* End XCConfigurationList section */
	};
	rootObject = 6BEAC6E018DBBB2800175232 /* Project object */;
}
